// !$*UTF8*$!
{
	archiveVersion = 1;
	classes = {
	};
	objectVersion = 46;
	objects = {

/* Begin PBXBuildFile section */
		014A72581F3759920082B5B7 /* logo_splash_completed.png in Resources */ = {isa = PBXBuildFile; fileRef = 014A72571F3759920082B5B7 /* logo_splash_completed.png */; };
		014A725A1F375FEE0082B5B7 /* UIColor.swift in Sources */ = {isa = PBXBuildFile; fileRef = 014A72591F375FEE0082B5B7 /* UIColor.swift */; };
		014A725D1F3781140082B5B7 /* ic_splash_startbtn.png in Resources */ = {isa = PBXBuildFile; fileRef = 014A725C1F3781140082B5B7 /* ic_splash_startbtn.png */; };
		014A725F1F3782340082B5B7 /* MainViewController.swift in Sources */ = {isa = PBXBuildFile; fileRef = 014A725E1F3782340082B5B7 /* MainViewController.swift */; };
		0189B09C1F375097004DD330 /* AppDelegate.swift in Sources */ = {isa = PBXBuildFile; fileRef = 0189B09B1F375097004DD330 /* AppDelegate.swift */; };
		0189B09E1F375097004DD330 /* ViewController.swift in Sources */ = {isa = PBXBuildFile; fileRef = 0189B09D1F375097004DD330 /* ViewController.swift */; };
		0189B0A11F375097004DD330 /* Main.storyboard in Resources */ = {isa = PBXBuildFile; fileRef = 0189B09F1F375097004DD330 /* Main.storyboard */; };
		0189B0A31F375097004DD330 /* Assets.xcassets in Resources */ = {isa = PBXBuildFile; fileRef = 0189B0A21F375097004DD330 /* Assets.xcassets */; };
		0189B0A61F375097004DD330 /* LaunchScreen.storyboard in Resources */ = {isa = PBXBuildFile; fileRef = 0189B0A41F375097004DD330 /* LaunchScreen.storyboard */; };
		01D25E8C1F38012E001CD722 /* ic_main_history.png in Resources */ = {isa = PBXBuildFile; fileRef = 01D25E891F38012E001CD722 /* ic_main_history.png */; };
		01D25E8D1F38012E001CD722 /* ic_main_mydictionary.png in Resources */ = {isa = PBXBuildFile; fileRef = 01D25E8A1F38012E001CD722 /* ic_main_mydictionary.png */; };
		01D25E8E1F38012E001CD722 /* ic_main_ranking.png in Resources */ = {isa = PBXBuildFile; fileRef = 01D25E8B1F38012E001CD722 /* ic_main_ranking.png */; };
		01D25E901F380B9C001CD722 /* ic_mydictionary_bookmark_uncheck.png in Resources */ = {isa = PBXBuildFile; fileRef = 01D25E8F1F380B9C001CD722 /* ic_mydictionary_bookmark_uncheck.png */; };
		01D25E921F380C3A001CD722 /* DictonaryViewController.swift in Sources */ = {isa = PBXBuildFile; fileRef = 01D25E911F380C3A001CD722 /* DictonaryViewController.swift */; };
		01D25E941F3812F0001CD722 /* bg_splash.png in Resources */ = {isa = PBXBuildFile; fileRef = 01D25E931F3812F0001CD722 /* bg_splash.png */; };
		01D25E971F381343001CD722 /* logo_splash_1.png in Resources */ = {isa = PBXBuildFile; fileRef = 01D25E951F381343001CD722 /* logo_splash_1.png */; };
		01D25E981F381343001CD722 /* logo_splash_2.png in Resources */ = {isa = PBXBuildFile; fileRef = 01D25E961F381343001CD722 /* logo_splash_2.png */; };
		65DC882AD247D90EBF068F90 /* Pods_takGul.framework in Frameworks */ = {isa = PBXBuildFile; fileRef = 0BE090BBDA9B3827E398EDD6 /* Pods_takGul.framework */; };
/* End PBXBuildFile section */

/* Begin PBXFileReference section */
		014A72571F3759920082B5B7 /* logo_splash_completed.png */ = {isa = PBXFileReference; lastKnownFileType = image.png; name = logo_splash_completed.png; path = "../../../../Downloads/Tak_geul-master/Resource_xxxhdpi/logo_splash_completed.png"; sourceTree = "<group>"; };
		014A72591F375FEE0082B5B7 /* UIColor.swift */ = {isa = PBXFileReference; fileEncoding = 4; lastKnownFileType = sourcecode.swift; path = UIColor.swift; sourceTree = "<group>"; };
		014A725B1F3780750082B5B7 /* NanumBarunGothic.ttf */ = {isa = PBXFileReference; lastKnownFileType = file; name = NanumBarunGothic.ttf; path = "../../../../Downloads/Chanbobsinse-master/nanum_barun_gothic/NanumBarunGothic.ttf"; sourceTree = "<group>"; };
		014A725C1F3781140082B5B7 /* ic_splash_startbtn.png */ = {isa = PBXFileReference; lastKnownFileType = image.png; name = ic_splash_startbtn.png; path = "../../../../Downloads/Tak_geul-master/Resource_xxxhdpi/ic_splash_startbtn.png"; sourceTree = "<group>"; };
		014A725E1F3782340082B5B7 /* MainViewController.swift */ = {isa = PBXFileReference; fileEncoding = 4; lastKnownFileType = sourcecode.swift; path = MainViewController.swift; sourceTree = "<group>"; };
		0189B0981F375097004DD330 /* takGul.app */ = {isa = PBXFileReference; explicitFileType = wrapper.application; includeInIndex = 0; path = takGul.app; sourceTree = BUILT_PRODUCTS_DIR; };
		0189B09B1F375097004DD330 /* AppDelegate.swift */ = {isa = PBXFileReference; lastKnownFileType = sourcecode.swift; path = AppDelegate.swift; sourceTree = "<group>"; };
		0189B09D1F375097004DD330 /* ViewController.swift */ = {isa = PBXFileReference; lastKnownFileType = sourcecode.swift; path = ViewController.swift; sourceTree = "<group>"; };
		0189B0A01F375097004DD330 /* Base */ = {isa = PBXFileReference; lastKnownFileType = file.storyboard; name = Base; path = Base.lproj/Main.storyboard; sourceTree = "<group>"; };
		0189B0A21F375097004DD330 /* Assets.xcassets */ = {isa = PBXFileReference; lastKnownFileType = folder.assetcatalog; path = Assets.xcassets; sourceTree = "<group>"; };
		0189B0A51F375097004DD330 /* Base */ = {isa = PBXFileReference; lastKnownFileType = file.storyboard; name = Base; path = Base.lproj/LaunchScreen.storyboard; sourceTree = "<group>"; };
		0189B0A71F375097004DD330 /* Info.plist */ = {isa = PBXFileReference; lastKnownFileType = text.plist.xml; path = Info.plist; sourceTree = "<group>"; };
		01D25E891F38012E001CD722 /* ic_main_history.png */ = {isa = PBXFileReference; lastKnownFileType = image.png; name = ic_main_history.png; path = "../../../../Downloads/Tak_geul-master/Resource_xxxhdpi/ic_main_history.png"; sourceTree = "<group>"; };
		01D25E8A1F38012E001CD722 /* ic_main_mydictionary.png */ = {isa = PBXFileReference; lastKnownFileType = image.png; name = ic_main_mydictionary.png; path = "../../../../Downloads/Tak_geul-master/Resource_xxxhdpi/ic_main_mydictionary.png"; sourceTree = "<group>"; };
		01D25E8B1F38012E001CD722 /* ic_main_ranking.png */ = {isa = PBXFileReference; lastKnownFileType = image.png; name = ic_main_ranking.png; path = "../../../../Downloads/Tak_geul-master/Resource_xxxhdpi/ic_main_ranking.png"; sourceTree = "<group>"; };
		01D25E8F1F380B9C001CD722 /* ic_mydictionary_bookmark_uncheck.png */ = {isa = PBXFileReference; lastKnownFileType = image.png; name = ic_mydictionary_bookmark_uncheck.png; path = "../../../../Downloads/Tak_geul-master/Resource_xxxhdpi/ic_mydictionary_bookmark_uncheck.png"; sourceTree = "<group>"; };
		01D25E911F380C3A001CD722 /* DictonaryViewController.swift */ = {isa = PBXFileReference; fileEncoding = 4; lastKnownFileType = sourcecode.swift; path = DictonaryViewController.swift; sourceTree = "<group>"; };
		01D25E931F3812F0001CD722 /* bg_splash.png */ = {isa = PBXFileReference; lastKnownFileType = image.png; name = bg_splash.png; path = "../../../../Downloads/Tak_geul-master-2/Resource_xxxhdpi/bg_splash.png"; sourceTree = "<group>"; };
		01D25E951F381343001CD722 /* logo_splash_1.png */ = {isa = PBXFileReference; lastKnownFileType = image.png; name = logo_splash_1.png; path = "../../../../Downloads/Tak_geul-master-2/Resource_xxxhdpi/logo_splash_1.png"; sourceTree = "<group>"; };
		01D25E961F381343001CD722 /* logo_splash_2.png */ = {isa = PBXFileReference; lastKnownFileType = image.png; name = logo_splash_2.png; path = "../../../../Downloads/Tak_geul-master-2/Resource_xxxhdpi/logo_splash_2.png"; sourceTree = "<group>"; };
		0BE090BBDA9B3827E398EDD6 /* Pods_takGul.framework */ = {isa = PBXFileReference; explicitFileType = wrapper.framework; includeInIndex = 0; path = Pods_takGul.framework; sourceTree = BUILT_PRODUCTS_DIR; };
		4F84DA7AB7C03A9FEA4664E9 /* Pods-takGul.release.xcconfig */ = {isa = PBXFileReference; includeInIndex = 1; lastKnownFileType = text.xcconfig; name = "Pods-takGul.release.xcconfig"; path = "Pods/Target Support Files/Pods-takGul/Pods-takGul.release.xcconfig"; sourceTree = "<group>"; };
		FD9EF527A418D83DD08418EA /* Pods-takGul.debug.xcconfig */ = {isa = PBXFileReference; includeInIndex = 1; lastKnownFileType = text.xcconfig; name = "Pods-takGul.debug.xcconfig"; path = "Pods/Target Support Files/Pods-takGul/Pods-takGul.debug.xcconfig"; sourceTree = "<group>"; };
/* End PBXFileReference section */

/* Begin PBXFrameworksBuildPhase section */
		0189B0951F375097004DD330 /* Frameworks */ = {
			isa = PBXFrameworksBuildPhase;
			buildActionMask = 2147483647;
			files = (
				65DC882AD247D90EBF068F90 /* Pods_takGul.framework in Frameworks */,
			);
			runOnlyForDeploymentPostprocessing = 0;
		};
/* End PBXFrameworksBuildPhase section */

/* Begin PBXGroup section */
		0189B08F1F375097004DD330 = {
			isa = PBXGroup;
			children = (
				0189B09A1F375097004DD330 /* takGul */,
				0189B0991F375097004DD330 /* Products */,
				C551E2546F28A59D9F60CD60 /* Pods */,
				2EB1FF41CDCE06AD1293DF22 /* Frameworks */,
			);
			sourceTree = "<group>";
		};
		0189B0991F375097004DD330 /* Products */ = {
			isa = PBXGroup;
			children = (
				0189B0981F375097004DD330 /* takGul.app */,
			);
			name = Products;
			sourceTree = "<group>";
		};
		0189B09A1F375097004DD330 /* takGul */ = {
			isa = PBXGroup;
			children = (
				01D25E951F381343001CD722 /* logo_splash_1.png */,
				01D25E961F381343001CD722 /* logo_splash_2.png */,
				0189B09B1F375097004DD330 /* AppDelegate.swift */,
				0189B09D1F375097004DD330 /* ViewController.swift */,
				014A725E1F3782340082B5B7 /* MainViewController.swift */,
				0189B09F1F375097004DD330 /* Main.storyboard */,
				0189B0A21F375097004DD330 /* Assets.xcassets */,
				0189B0A41F375097004DD330 /* LaunchScreen.storyboard */,
				0189B0A71F375097004DD330 /* Info.plist */,
				014A72571F3759920082B5B7 /* logo_splash_completed.png */,
				014A72591F375FEE0082B5B7 /* UIColor.swift */,
				014A725B1F3780750082B5B7 /* NanumBarunGothic.ttf */,
				014A725C1F3781140082B5B7 /* ic_splash_startbtn.png */,
				01D25E891F38012E001CD722 /* ic_main_history.png */,
				01D25E8A1F38012E001CD722 /* ic_main_mydictionary.png */,
				01D25E8B1F38012E001CD722 /* ic_main_ranking.png */,
				01D25E8F1F380B9C001CD722 /* ic_mydictionary_bookmark_uncheck.png */,
				01D25E911F380C3A001CD722 /* DictonaryViewController.swift */,
				01D25E931F3812F0001CD722 /* bg_splash.png */,
			);
			path = takGul;
			sourceTree = "<group>";
		};
		2EB1FF41CDCE06AD1293DF22 /* Frameworks */ = {
			isa = PBXGroup;
			children = (
				0BE090BBDA9B3827E398EDD6 /* Pods_takGul.framework */,
			);
			name = Frameworks;
			sourceTree = "<group>";
		};
		C551E2546F28A59D9F60CD60 /* Pods */ = {
			isa = PBXGroup;
			children = (
				FD9EF527A418D83DD08418EA /* Pods-takGul.debug.xcconfig */,
				4F84DA7AB7C03A9FEA4664E9 /* Pods-takGul.release.xcconfig */,
			);
			name = Pods;
			sourceTree = "<group>";
		};
/* End PBXGroup section */

/* Begin PBXNativeTarget section */
		0189B0971F375097004DD330 /* takGul */ = {
			isa = PBXNativeTarget;
			buildConfigurationList = 0189B0AA1F375097004DD330 /* Build configuration list for PBXNativeTarget "takGul" */;
			buildPhases = (
				BC5300C7988B0C02C906D0F9 /* [CP] Check Pods Manifest.lock */,
				0189B0941F375097004DD330 /* Sources */,
				0189B0951F375097004DD330 /* Frameworks */,
				0189B0961F375097004DD330 /* Resources */,
				A05DCB18C38F63AD7C24B323 /* [CP] Embed Pods Frameworks */,
				9419CD13EEAB8A1527141F0C /* [CP] Copy Pods Resources */,
			);
			buildRules = (
			);
			dependencies = (
			);
			name = takGul;
			productName = takGul;
			productReference = 0189B0981F375097004DD330 /* takGul.app */;
			productType = "com.apple.product-type.application";
		};
/* End PBXNativeTarget section */

/* Begin PBXProject section */
		0189B0901F375097004DD330 /* Project object */ = {
			isa = PBXProject;
			attributes = {
				LastSwiftUpdateCheck = 0830;
				LastUpgradeCheck = 0830;
				ORGANIZATIONNAME = "김민서";
				TargetAttributes = {
					0189B0971F375097004DD330 = {
						CreatedOnToolsVersion = 8.3.3;
						DevelopmentTeam = ZESNLFKEBA;
						ProvisioningStyle = Automatic;
					};
				};
			};
			buildConfigurationList = 0189B0931F375097004DD330 /* Build configuration list for PBXProject "takGul" */;
			compatibilityVersion = "Xcode 3.2";
			developmentRegion = English;
			hasScannedForEncodings = 0;
			knownRegions = (
				en,
				Base,
			);
			mainGroup = 0189B08F1F375097004DD330;
			productRefGroup = 0189B0991F375097004DD330 /* Products */;
			projectDirPath = "";
			projectRoot = "";
			targets = (
				0189B0971F375097004DD330 /* takGul */,
			);
		};
/* End PBXProject section */

/* Begin PBXResourcesBuildPhase section */
		0189B0961F375097004DD330 /* Resources */ = {
			isa = PBXResourcesBuildPhase;
			buildActionMask = 2147483647;
			files = (
				014A725D1F3781140082B5B7 /* ic_splash_startbtn.png in Resources */,
				0189B0A61F375097004DD330 /* LaunchScreen.storyboard in Resources */,
				0189B0A31F375097004DD330 /* Assets.xcassets in Resources */,
				01D25E8C1F38012E001CD722 /* ic_main_history.png in Resources */,
				0189B0A11F375097004DD330 /* Main.storyboard in Resources */,
				01D25E941F3812F0001CD722 /* bg_splash.png in Resources */,
				01D25E971F381343001CD722 /* logo_splash_1.png in Resources */,
				01D25E901F380B9C001CD722 /* ic_mydictionary_bookmark_uncheck.png in Resources */,
				01D25E981F381343001CD722 /* logo_splash_2.png in Resources */,
				014A72581F3759920082B5B7 /* logo_splash_completed.png in Resources */,
				01D25E8D1F38012E001CD722 /* ic_main_mydictionary.png in Resources */,
				01D25E8E1F38012E001CD722 /* ic_main_ranking.png in Resources */,
			);
			runOnlyForDeploymentPostprocessing = 0;
		};
/* End PBXResourcesBuildPhase section */

/* Begin PBXShellScriptBuildPhase section */
		9419CD13EEAB8A1527141F0C /* [CP] Copy Pods Resources */ = {
			isa = PBXShellScriptBuildPhase;
			buildActionMask = 2147483647;
			files = (
			);
			inputPaths = (
			);
			name = "[CP] Copy Pods Resources";
			outputPaths = (
			);
			runOnlyForDeploymentPostprocessing = 0;
			shellPath = /bin/sh;
			shellScript = "\"${SRCROOT}/Pods/Target Support Files/Pods-takGul/Pods-takGul-resources.sh\"\n";
			showEnvVarsInLog = 0;
		};
		A05DCB18C38F63AD7C24B323 /* [CP] Embed Pods Frameworks */ = {
			isa = PBXShellScriptBuildPhase;
			buildActionMask = 2147483647;
			files = (
			);
			inputPaths = (
			);
			name = "[CP] Embed Pods Frameworks";
			outputPaths = (
			);
			runOnlyForDeploymentPostprocessing = 0;
			shellPath = /bin/sh;
			shellScript = "\"${SRCROOT}/Pods/Target Support Files/Pods-takGul/Pods-takGul-frameworks.sh\"\n";
			showEnvVarsInLog = 0;
		};
		BC5300C7988B0C02C906D0F9 /* [CP] Check Pods Manifest.lock */ = {
			isa = PBXShellScriptBuildPhase;
			buildActionMask = 2147483647;
			files = (
			);
			inputPaths = (
			);
			name = "[CP] Check Pods Manifest.lock";
			outputPaths = (
			);
			runOnlyForDeploymentPostprocessing = 0;
			shellPath = /bin/sh;
			shellScript = "diff \"${PODS_PODFILE_DIR_PATH}/Podfile.lock\" \"${PODS_ROOT}/Manifest.lock\" > /dev/null\nif [ $? != 0 ] ; then\n    # print error to STDERR\n    echo \"error: The sandbox is not in sync with the Podfile.lock. Run 'pod install' or update your CocoaPods installation.\" >&2\n    exit 1\nfi\n";
			showEnvVarsInLog = 0;
		};
/* End PBXShellScriptBuildPhase section */

/* Begin PBXSourcesBuildPhase section */
		0189B0941F375097004DD330 /* Sources */ = {
			isa = PBXSourcesBuildPhase;
			buildActionMask = 2147483647;
			files = (
				0189B09E1F375097004DD330 /* ViewController.swift in Sources */,
				01D25E921F380C3A001CD722 /* DictonaryViewController.swift in Sources */,
				014A725A1F375FEE0082B5B7 /* UIColor.swift in Sources */,
				0189B09C1F375097004DD330 /* AppDelegate.swift in Sources */,
				014A725F1F3782340082B5B7 /* MainViewController.swift in Sources */,
			);
			runOnlyForDeploymentPostprocessing = 0;
		};
/* End PBXSourcesBuildPhase section */

/* Begin PBXVariantGroup section */
		0189B09F1F375097004DD330 /* Main.storyboard */ = {
			isa = PBXVariantGroup;
			children = (
				0189B0A01F375097004DD330 /* Base */,
			);
			name = Main.storyboard;
			sourceTree = "<group>";
		};
		0189B0A41F375097004DD330 /* LaunchScreen.storyboard */ = {
			isa = PBXVariantGroup;
			children = (
				0189B0A51F375097004DD330 /* Base */,
			);
			name = LaunchScreen.storyboard;
			sourceTree = "<group>";
		};
/* End PBXVariantGroup section */

/* Begin XCBuildConfiguration section */
		0189B0A81F375097004DD330 /* Debug */ = {
			isa = XCBuildConfiguration;
			buildSettings = {
				ALWAYS_SEARCH_USER_PATHS = NO;
				CLANG_ANALYZER_NONNULL = YES;
				CLANG_ANALYZER_NUMBER_OBJECT_CONVERSION = YES_AGGRESSIVE;
				CLANG_CXX_LANGUAGE_STANDARD = "gnu++0x";
				CLANG_CXX_LIBRARY = "libc++";
				CLANG_ENABLE_MODULES = YES;
				CLANG_ENABLE_OBJC_ARC = YES;
				CLANG_WARN_BOOL_CONVERSION = YES;
				CLANG_WARN_CONSTANT_CONVERSION = YES;
				CLANG_WARN_DIRECT_OBJC_ISA_USAGE = YES_ERROR;
				CLANG_WARN_DOCUMENTATION_COMMENTS = YES;
				CLANG_WARN_EMPTY_BODY = YES;
				CLANG_WARN_ENUM_CONVERSION = YES;
				CLANG_WARN_INFINITE_RECURSION = YES;
				CLANG_WARN_INT_CONVERSION = YES;
				CLANG_WARN_OBJC_ROOT_CLASS = YES_ERROR;
				CLANG_WARN_SUSPICIOUS_MOVE = YES;
				CLANG_WARN_UNREACHABLE_CODE = YES;
				CLANG_WARN__DUPLICATE_METHOD_MATCH = YES;
				"CODE_SIGN_IDENTITY[sdk=iphoneos*]" = "iPhone Developer";
				COPY_PHASE_STRIP = NO;
				DEBUG_INFORMATION_FORMAT = dwarf;
				ENABLE_STRICT_OBJC_MSGSEND = YES;
				ENABLE_TESTABILITY = YES;
				GCC_C_LANGUAGE_STANDARD = gnu99;
				GCC_DYNAMIC_NO_PIC = NO;
				GCC_NO_COMMON_BLOCKS = YES;
				GCC_OPTIMIZATION_LEVEL = 0;
				GCC_PREPROCESSOR_DEFINITIONS = (
					"DEBUG=1",
					"$(inherited)",
				);
				GCC_WARN_64_TO_32_BIT_CONVERSION = YES;
				GCC_WARN_ABOUT_RETURN_TYPE = YES_ERROR;
				GCC_WARN_UNDECLARED_SELECTOR = YES;
				GCC_WARN_UNINITIALIZED_AUTOS = YES_AGGRESSIVE;
				GCC_WARN_UNUSED_FUNCTION = YES;
				GCC_WARN_UNUSED_VARIABLE = YES;
				IPHONEOS_DEPLOYMENT_TARGET = 10.3;
				MTL_ENABLE_DEBUG_INFO = YES;
				ONLY_ACTIVE_ARCH = YES;
				SDKROOT = iphoneos;
				SWIFT_ACTIVE_COMPILATION_CONDITIONS = DEBUG;
				SWIFT_OPTIMIZATION_LEVEL = "-Onone";
			};
			name = Debug;
		};
		0189B0A91F375097004DD330 /* Release */ = {
			isa = XCBuildConfiguration;
			buildSettings = {
				ALWAYS_SEARCH_USER_PATHS = NO;
				CLANG_ANALYZER_NONNULL = YES;
				CLANG_ANALYZER_NUMBER_OBJECT_CONVERSION = YES_AGGRESSIVE;
				CLANG_CXX_LANGUAGE_STANDARD = "gnu++0x";
				CLANG_CXX_LIBRARY = "libc++";
				CLANG_ENABLE_MODULES = YES;
				CLANG_ENABLE_OBJC_ARC = YES;
				CLANG_WARN_BOOL_CONVERSION = YES;
				CLANG_WARN_CONSTANT_CONVERSION = YES;
				CLANG_WARN_DIRECT_OBJC_ISA_USAGE = YES_ERROR;
				CLANG_WARN_DOCUMENTATION_COMMENTS = YES;
				CLANG_WARN_EMPTY_BODY = YES;
				CLANG_WARN_ENUM_CONVERSION = YES;
				CLANG_WARN_INFINITE_RECURSION = YES;
				CLANG_WARN_INT_CONVERSION = YES;
				CLANG_WARN_OBJC_ROOT_CLASS = YES_ERROR;
				CLANG_WARN_SUSPICIOUS_MOVE = YES;
				CLANG_WARN_UNREACHABLE_CODE = YES;
				CLANG_WARN__DUPLICATE_METHOD_MATCH = YES;
				"CODE_SIGN_IDENTITY[sdk=iphoneos*]" = "iPhone Developer";
				COPY_PHASE_STRIP = NO;
				DEBUG_INFORMATION_FORMAT = "dwarf-with-dsym";
				ENABLE_NS_ASSERTIONS = NO;
				ENABLE_STRICT_OBJC_MSGSEND = YES;
				GCC_C_LANGUAGE_STANDARD = gnu99;
				GCC_NO_COMMON_BLOCKS = YES;
				GCC_WARN_64_TO_32_BIT_CONVERSION = YES;
				GCC_WARN_ABOUT_RETURN_TYPE = YES_ERROR;
				GCC_WARN_UNDECLARED_SELECTOR = YES;
				GCC_WARN_UNINITIALIZED_AUTOS = YES_AGGRESSIVE;
				GCC_WARN_UNUSED_FUNCTION = YES;
				GCC_WARN_UNUSED_VARIABLE = YES;
				IPHONEOS_DEPLOYMENT_TARGET = 10.3;
				MTL_ENABLE_DEBUG_INFO = NO;
				SDKROOT = iphoneos;
				SWIFT_OPTIMIZATION_LEVEL = "-Owholemodule";
				VALIDATE_PRODUCT = YES;
			};
			name = Release;
		};
		0189B0AB1F375097004DD330 /* Debug */ = {
			isa = XCBuildConfiguration;
			baseConfigurationReference = FD9EF527A418D83DD08418EA /* Pods-takGul.debug.xcconfig */;
			buildSettings = {
				ASSETCATALOG_COMPILER_APPICON_NAME = AppIcon;
				DEVELOPMENT_TEAM = ZESNLFKEBA;
				INFOPLIST_FILE = takGul/Info.plist;
				LD_RUNPATH_SEARCH_PATHS = "$(inherited) @executable_path/Frameworks";
				PRODUCT_BUNDLE_IDENTIFIER = com.gimminseo.takGul;
				PRODUCT_NAME = "$(TARGET_NAME)";
				SWIFT_VERSION = 3.0;
			};
			name = Debug;
		};
		0189B0AC1F375097004DD330 /* Release */ = {
			isa = XCBuildConfiguration;
			baseConfigurationReference = 4F84DA7AB7C03A9FEA4664E9 /* Pods-takGul.release.xcconfig */;
			buildSettings = {
				ASSETCATALOG_COMPILER_APPICON_NAME = AppIcon;
				DEVELOPMENT_TEAM = ZESNLFKEBA;
				INFOPLIST_FILE = takGul/Info.plist;
				LD_RUNPATH_SEARCH_PATHS = "$(inherited) @executable_path/Frameworks";
				PRODUCT_BUNDLE_IDENTIFIER = com.gimminseo.takGul;
				PRODUCT_NAME = "$(TARGET_NAME)";
				SWIFT_VERSION = 3.0;
			};
			name = Release;
		};
/* End XCBuildConfiguration section */

/* Begin XCConfigurationList section */
		0189B0931F375097004DD330 /* Build configuration list for PBXProject "takGul" */ = {
			isa = XCConfigurationList;
			buildConfigurations = (
				0189B0A81F375097004DD330 /* Debug */,
				0189B0A91F375097004DD330 /* Release */,
			);
			defaultConfigurationIsVisible = 0;
			defaultConfigurationName = Release;
		};
		0189B0AA1F375097004DD330 /* Build configuration list for PBXNativeTarget "takGul" */ = {
			isa = XCConfigurationList;
			buildConfigurations = (
				0189B0AB1F375097004DD330 /* Debug */,
				0189B0AC1F375097004DD330 /* Release */,
			);
			defaultConfigurationIsVisible = 0;
			defaultConfigurationName = Release;
		};
/* End XCConfigurationList section */
	};
	rootObject = 0189B0901F375097004DD330 /* Project object */;
}
